// !$*UTF8*$!
{
	archiveVersion = 1;
	classes = {
	};
	objectVersion = 50;
	objects = {

/* Begin PBXBuildFile section */
		CF07CF0E25F8929A003D51E8 /* AppDelegate.swift in Sources */ = {isa = PBXBuildFile; fileRef = CF07CF0D25F8929A003D51E8 /* AppDelegate.swift */; };
		CF07CF1025F8929A003D51E8 /* SceneDelegate.swift in Sources */ = {isa = PBXBuildFile; fileRef = CF07CF0F25F8929A003D51E8 /* SceneDelegate.swift */; };
		CF07CF1225F8929A003D51E8 /* ViewController.swift in Sources */ = {isa = PBXBuildFile; fileRef = CF07CF1125F8929A003D51E8 /* ViewController.swift */; };
		CF07CF1525F8929A003D51E8 /* Main.storyboard in Resources */ = {isa = PBXBuildFile; fileRef = CF07CF1325F8929A003D51E8 /* Main.storyboard */; };
		CF07CF1725F8929C003D51E8 /* Assets.xcassets in Resources */ = {isa = PBXBuildFile; fileRef = CF07CF1625F8929C003D51E8 /* Assets.xcassets */; };
		CF07CF1A25F8929C003D51E8 /* LaunchScreen.storyboard in Resources */ = {isa = PBXBuildFile; fileRef = CF07CF1825F8929C003D51E8 /* LaunchScreen.storyboard */; };
		CF07CF2525F8929C003D51E8 /* parstagramTests.swift in Sources */ = {isa = PBXBuildFile; fileRef = CF07CF2425F8929C003D51E8 /* parstagramTests.swift */; };
		CF07CF3025F8929C003D51E8 /* parstagramUITests.swift in Sources */ = {isa = PBXBuildFile; fileRef = CF07CF2F25F8929C003D51E8 /* parstagramUITests.swift */; };
/* End PBXBuildFile section */

/* Begin PBXContainerItemProxy section */
		CF07CF2125F8929C003D51E8 /* PBXContainerItemProxy */ = {
			isa = PBXContainerItemProxy;
			containerPortal = CF07CF0225F8929A003D51E8 /* Project object */;
			proxyType = 1;
			remoteGlobalIDString = CF07CF0925F8929A003D51E8;
			remoteInfo = parstagram;
		};
		CF07CF2C25F8929C003D51E8 /* PBXContainerItemProxy */ = {
			isa = PBXContainerItemProxy;
			containerPortal = CF07CF0225F8929A003D51E8 /* Project object */;
			proxyType = 1;
			remoteGlobalIDString = CF07CF0925F8929A003D51E8;
			remoteInfo = parstagram;
		};
/* End PBXContainerItemProxy section */

/* Begin PBXFileReference section */
		CF07CF0A25F8929A003D51E8 /* parstagram.app */ = {isa = PBXFileReference; explicitFileType = wrapper.application; includeInIndex = 0; path = parstagram.app; sourceTree = BUILT_PRODUCTS_DIR; };
		CF07CF0D25F8929A003D51E8 /* AppDelegate.swift */ = {isa = PBXFileReference; lastKnownFileType = sourcecode.swift; path = AppDelegate.swift; sourceTree = "<group>"; };
		CF07CF0F25F8929A003D51E8 /* SceneDelegate.swift */ = {isa = PBXFileReference; lastKnownFileType = sourcecode.swift; path = SceneDelegate.swift; sourceTree = "<group>"; };
		CF07CF1125F8929A003D51E8 /* ViewController.swift */ = {isa = PBXFileReference; lastKnownFileType = sourcecode.swift; path = ViewController.swift; sourceTree = "<group>"; };
		CF07CF1425F8929A003D51E8 /* Base */ = {isa = PBXFileReference; lastKnownFileType = file.storyboard; name = Base; path = Base.lproj/Main.storyboard; sourceTree = "<group>"; };
		CF07CF1625F8929C003D51E8 /* Assets.xcassets */ = {isa = PBXFileReference; lastKnownFileType = folder.assetcatalog; path = Assets.xcassets; sourceTree = "<group>"; };
		CF07CF1925F8929C003D51E8 /* Base */ = {isa = PBXFileReference; lastKnownFileType = file.storyboard; name = Base; path = Base.lproj/LaunchScreen.storyboard; sourceTree = "<group>"; };
		CF07CF1B25F8929C003D51E8 /* Info.plist */ = {isa = PBXFileReference; lastKnownFileType = text.plist.xml; path = Info.plist; sourceTree = "<group>"; };
		CF07CF2025F8929C003D51E8 /* parstagramTests.xctest */ = {isa = PBXFileReference; explicitFileType = wrapper.cfbundle; includeInIndex = 0; path = parstagramTests.xctest; sourceTree = BUILT_PRODUCTS_DIR; };
		CF07CF2425F8929C003D51E8 /* parstagramTests.swift */ = {isa = PBXFileReference; lastKnownFileType = sourcecode.swift; path = parstagramTests.swift; sourceTree = "<group>"; };
		CF07CF2625F8929C003D51E8 /* Info.plist */ = {isa = PBXFileReference; lastKnownFileType = text.plist.xml; path = Info.plist; sourceTree = "<group>"; };
		CF07CF2B25F8929C003D51E8 /* parstagramUITests.xctest */ = {isa = PBXFileReference; explicitFileType = wrapper.cfbundle; includeInIndex = 0; path = parstagramUITests.xctest; sourceTree = BUILT_PRODUCTS_DIR; };
		CF07CF2F25F8929C003D51E8 /* parstagramUITests.swift */ = {isa = PBXFileReference; lastKnownFileType = sourcecode.swift; path = parstagramUITests.swift; sourceTree = "<group>"; };
		CF07CF3125F8929C003D51E8 /* Info.plist */ = {isa = PBXFileReference; lastKnownFileType = text.plist.xml; path = Info.plist; sourceTree = "<group>"; };
/* End PBXFileReference section */

/* Begin PBXFrameworksBuildPhase section */
		CF07CF0725F8929A003D51E8 /* Frameworks */ = {
			isa = PBXFrameworksBuildPhase;
			buildActionMask = 2147483647;
			files = (
			);
			runOnlyForDeploymentPostprocessing = 0;
		};
		CF07CF1D25F8929C003D51E8 /* Frameworks */ = {
			isa = PBXFrameworksBuildPhase;
			buildActionMask = 2147483647;
			files = (
			);
			runOnlyForDeploymentPostprocessing = 0;
		};
		CF07CF2825F8929C003D51E8 /* Frameworks */ = {
			isa = PBXFrameworksBuildPhase;
			buildActionMask = 2147483647;
			files = (
			);
			runOnlyForDeploymentPostprocessing = 0;
		};
/* End PBXFrameworksBuildPhase section */

/* Begin PBXGroup section */
		CF07CF0125F8929A003D51E8 = {
			isa = PBXGroup;
			children = (
				CF07CF0C25F8929A003D51E8 /* parstagram */,
				CF07CF2325F8929C003D51E8 /* parstagramTests */,
				CF07CF2E25F8929C003D51E8 /* parstagramUITests */,
				CF07CF0B25F8929A003D51E8 /* Products */,
			);
			sourceTree = "<group>";
		};
		CF07CF0B25F8929A003D51E8 /* Products */ = {
			isa = PBXGroup;
			children = (
				CF07CF0A25F8929A003D51E8 /* parstagram.app */,
				CF07CF2025F8929C003D51E8 /* parstagramTests.xctest */,
				CF07CF2B25F8929C003D51E8 /* parstagramUITests.xctest */,
			);
			name = Products;
			sourceTree = "<group>";
		};
		CF07CF0C25F8929A003D51E8 /* parstagram */ = {
			isa = PBXGroup;
			children = (
				CF07CF0D25F8929A003D51E8 /* AppDelegate.swift */,
				CF07CF0F25F8929A003D51E8 /* SceneDelegate.swift */,
				CF07CF1125F8929A003D51E8 /* ViewController.swift */,
				CF07CF1325F8929A003D51E8 /* Main.storyboard */,
				CF07CF1625F8929C003D51E8 /* Assets.xcassets */,
				CF07CF1825F8929C003D51E8 /* LaunchScreen.storyboard */,
				CF07CF1B25F8929C003D51E8 /* Info.plist */,
			);
			path = parstagram;
			sourceTree = "<group>";
		};
		CF07CF2325F8929C003D51E8 /* parstagramTests */ = {
			isa = PBXGroup;
			children = (
				CF07CF2425F8929C003D51E8 /* parstagramTests.swift */,
				CF07CF2625F8929C003D51E8 /* Info.plist */,
			);
			path = parstagramTests;
			sourceTree = "<group>";
		};
		CF07CF2E25F8929C003D51E8 /* parstagramUITests */ = {
			isa = PBXGroup;
			children = (
				CF07CF2F25F8929C003D51E8 /* parstagramUITests.swift */,
				CF07CF3125F8929C003D51E8 /* Info.plist */,
			);
			path = parstagramUITests;
			sourceTree = "<group>";
		};
/* End PBXGroup section */

/* Begin PBXNativeTarget section */
		CF07CF0925F8929A003D51E8 /* parstagram */ = {
			isa = PBXNativeTarget;
			buildConfigurationList = CF07CF3425F8929C003D51E8 /* Build configuration list for PBXNativeTarget "parstagram" */;
			buildPhases = (
				CF07CF0625F8929A003D51E8 /* Sources */,
				CF07CF0725F8929A003D51E8 /* Frameworks */,
				CF07CF0825F8929A003D51E8 /* Resources */,
			);
			buildRules = (
			);
			dependencies = (
			);
			name = parstagram;
			productName = parstagram;
			productReference = CF07CF0A25F8929A003D51E8 /* parstagram.app */;
			productType = "com.apple.product-type.application";
		};
		CF07CF1F25F8929C003D51E8 /* parstagramTests */ = {
			isa = PBXNativeTarget;
			buildConfigurationList = CF07CF3725F8929C003D51E8 /* Build configuration list for PBXNativeTarget "parstagramTests" */;
			buildPhases = (
				CF07CF1C25F8929C003D51E8 /* Sources */,
				CF07CF1D25F8929C003D51E8 /* Frameworks */,
				CF07CF1E25F8929C003D51E8 /* Resources */,
			);
			buildRules = (
			);
			dependencies = (
				CF07CF2225F8929C003D51E8 /* PBXTargetDependency */,
			);
			name = parstagramTests;
			productName = parstagramTests;
			productReference = CF07CF2025F8929C003D51E8 /* parstagramTests.xctest */;
			productType = "com.apple.product-type.bundle.unit-test";
		};
		CF07CF2A25F8929C003D51E8 /* parstagramUITests */ = {
			isa = PBXNativeTarget;
			buildConfigurationList = CF07CF3A25F8929C003D51E8 /* Build configuration list for PBXNativeTarget "parstagramUITests" */;
			buildPhases = (
				CF07CF2725F8929C003D51E8 /* Sources */,
				CF07CF2825F8929C003D51E8 /* Frameworks */,
				CF07CF2925F8929C003D51E8 /* Resources */,
			);
			buildRules = (
			);
			dependencies = (
				CF07CF2D25F8929C003D51E8 /* PBXTargetDependency */,
			);
			name = parstagramUITests;
			productName = parstagramUITests;
			productReference = CF07CF2B25F8929C003D51E8 /* parstagramUITests.xctest */;
			productType = "com.apple.product-type.bundle.ui-testing";
		};
/* End PBXNativeTarget section */

/* Begin PBXProject section */
		CF07CF0225F8929A003D51E8 /* Project object */ = {
			isa = PBXProject;
			attributes = {
				LastSwiftUpdateCheck = 1240;
				LastUpgradeCheck = 1240;
				TargetAttributes = {
					CF07CF0925F8929A003D51E8 = {
						CreatedOnToolsVersion = 12.4;
					};
					CF07CF1F25F8929C003D51E8 = {
						CreatedOnToolsVersion = 12.4;
						TestTargetID = CF07CF0925F8929A003D51E8;
					};
					CF07CF2A25F8929C003D51E8 = {
						CreatedOnToolsVersion = 12.4;
						TestTargetID = CF07CF0925F8929A003D51E8;
					};
				};
			};
			buildConfigurationList = CF07CF0525F8929A003D51E8 /* Build configuration list for PBXProject "parstagram" */;
			compatibilityVersion = "Xcode 9.3";
			developmentRegion = en;
			hasScannedForEncodings = 0;
			knownRegions = (
				en,
				Base,
			);
			mainGroup = CF07CF0125F8929A003D51E8;
			productRefGroup = CF07CF0B25F8929A003D51E8 /* Products */;
			projectDirPath = "";
			projectRoot = "";
			targets = (
				CF07CF0925F8929A003D51E8 /* parstagram */,
				CF07CF1F25F8929C003D51E8 /* parstagramTests */,
				CF07CF2A25F8929C003D51E8 /* parstagramUITests */,
			);
		};
/* End PBXProject section */

/* Begin PBXResourcesBuildPhase section */
		CF07CF0825F8929A003D51E8 /* Resources */ = {
			isa = PBXResourcesBuildPhase;
			buildActionMask = 2147483647;
			files = (
				CF07CF1A25F8929C003D51E8 /* LaunchScreen.storyboard in Resources */,
				CF07CF1725F8929C003D51E8 /* Assets.xcassets in Resources */,
				CF07CF1525F8929A003D51E8 /* Main.storyboard in Resources */,
			);
			runOnlyForDeploymentPostprocessing = 0;
		};
		CF07CF1E25F8929C003D51E8 /* Resources */ = {
			isa = PBXResourcesBuildPhase;
			buildActionMask = 2147483647;
			files = (
			);
			runOnlyForDeploymentPostprocessing = 0;
		};
		CF07CF2925F8929C003D51E8 /* Resources */ = {
			isa = PBXResourcesBuildPhase;
			buildActionMask = 2147483647;
			files = (
			);
			runOnlyForDeploymentPostprocessing = 0;
		};
/* End PBXResourcesBuildPhase section */

/* Begin PBXSourcesBuildPhase section */
		CF07CF0625F8929A003D51E8 /* Sources */ = {
			isa = PBXSourcesBuildPhase;
			buildActionMask = 2147483647;
			files = (
				CF07CF1225F8929A003D51E8 /* ViewController.swift in Sources */,
				CF07CF0E25F8929A003D51E8 /* AppDelegate.swift in Sources */,
				CF07CF1025F8929A003D51E8 /* SceneDelegate.swift in Sources */,
			);
			runOnlyForDeploymentPostprocessing = 0;
		};
		CF07CF1C25F8929C003D51E8 /* Sources */ = {
			isa = PBXSourcesBuildPhase;
			buildActionMask = 2147483647;
			files = (
				CF07CF2525F8929C003D51E8 /* parstagramTests.swift in Sources */,
			);
			runOnlyForDeploymentPostprocessing = 0;
		};
		CF07CF2725F8929C003D51E8 /* Sources */ = {
			isa = PBXSourcesBuildPhase;
			buildActionMask = 2147483647;
			files = (
				CF07CF3025F8929C003D51E8 /* parstagramUITests.swift in Sources */,
			);
			runOnlyForDeploymentPostprocessing = 0;
		};
/* End PBXSourcesBuildPhase section */

/* Begin PBXTargetDependency section */
		CF07CF2225F8929C003D51E8 /* PBXTargetDependency */ = {
			isa = PBXTargetDependency;
			target = CF07CF0925F8929A003D51E8 /* parstagram */;
			targetProxy = CF07CF2125F8929C003D51E8 /* PBXContainerItemProxy */;
		};
		CF07CF2D25F8929C003D51E8 /* PBXTargetDependency */ = {
			isa = PBXTargetDependency;
			target = CF07CF0925F8929A003D51E8 /* parstagram */;
			targetProxy = CF07CF2C25F8929C003D51E8 /* PBXContainerItemProxy */;
		};
/* End PBXTargetDependency section */

/* Begin PBXVariantGroup section */
		CF07CF1325F8929A003D51E8 /* Main.storyboard */ = {
			isa = PBXVariantGroup;
			children = (
				CF07CF1425F8929A003D51E8 /* Base */,
			);
			name = Main.storyboard;
			sourceTree = "<group>";
		};
		CF07CF1825F8929C003D51E8 /* LaunchScreen.storyboard */ = {
			isa = PBXVariantGroup;
			children = (
				CF07CF1925F8929C003D51E8 /* Base */,
			);
			name = LaunchScreen.storyboard;
			sourceTree = "<group>";
		};
/* End PBXVariantGroup section */

/* Begin XCBuildConfiguration section */
		CF07CF3225F8929C003D51E8 /* Debug */ = {
			isa = XCBuildConfiguration;
			buildSettings = {
				ALWAYS_SEARCH_USER_PATHS = NO;
				CLANG_ANALYZER_NONNULL = YES;
				CLANG_ANALYZER_NUMBER_OBJECT_CONVERSION = YES_AGGRESSIVE;
				CLANG_CXX_LANGUAGE_STANDARD = "gnu++14";
				CLANG_CXX_LIBRARY = "libc++";
				CLANG_ENABLE_MODULES = YES;
				CLANG_ENABLE_OBJC_ARC = YES;
				CLANG_ENABLE_OBJC_WEAK = YES;
				CLANG_WARN_BLOCK_CAPTURE_AUTORELEASING = YES;
				CLANG_WARN_BOOL_CONVERSION = YES;
				CLANG_WARN_COMMA = YES;
				CLANG_WARN_CONSTANT_CONVERSION = YES;
				CLANG_WARN_DEPRECATED_OBJC_IMPLEMENTATIONS = YES;
				CLANG_WARN_DIRECT_OBJC_ISA_USAGE = YES_ERROR;
				CLANG_WARN_DOCUMENTATION_COMMENTS = YES;
				CLANG_WARN_EMPTY_BODY = YES;
				CLANG_WARN_ENUM_CONVERSION = YES;
				CLANG_WARN_INFINITE_RECURSION = YES;
				CLANG_WARN_INT_CONVERSION = YES;
				CLANG_WARN_NON_LITERAL_NULL_CONVERSION = YES;
				CLANG_WARN_OBJC_IMPLICIT_RETAIN_SELF = YES;
				CLANG_WARN_OBJC_LITERAL_CONVERSION = YES;
				CLANG_WARN_OBJC_ROOT_CLASS = YES_ERROR;
				CLANG_WARN_QUOTED_INCLUDE_IN_FRAMEWORK_HEADER = YES;
				CLANG_WARN_RANGE_LOOP_ANALYSIS = YES;
				CLANG_WARN_STRICT_PROTOTYPES = YES;
				CLANG_WARN_SUSPICIOUS_MOVE = YES;
				CLANG_WARN_UNGUARDED_AVAILABILITY = YES_AGGRESSIVE;
				CLANG_WARN_UNREACHABLE_CODE = YES;
				CLANG_WARN__DUPLICATE_METHOD_MATCH = YES;
				COPY_PHASE_STRIP = NO;
				DEBUG_INFORMATION_FORMAT = dwarf;
				ENABLE_STRICT_OBJC_MSGSEND = YES;
				ENABLE_TESTABILITY = YES;
				GCC_C_LANGUAGE_STANDARD = gnu11;
				GCC_DYNAMIC_NO_PIC = NO;
				GCC_NO_COMMON_BLOCKS = YES;
				GCC_OPTIMIZATION_LEVEL = 0;
				GCC_PREPROCESSOR_DEFINITIONS = (
					"DEBUG=1",
					"$(inherited)",
				);
				GCC_WARN_64_TO_32_BIT_CONVERSION = YES;
				GCC_WARN_ABOUT_RETURN_TYPE = YES_ERROR;
				GCC_WARN_UNDECLARED_SELECTOR = YES;
				GCC_WARN_UNINITIALIZED_AUTOS = YES_AGGRESSIVE;
				GCC_WARN_UNUSED_FUNCTION = YES;
				GCC_WARN_UNUSED_VARIABLE = YES;
				IPHONEOS_DEPLOYMENT_TARGET = 14.4;
				MTL_ENABLE_DEBUG_INFO = INCLUDE_SOURCE;
				MTL_FAST_MATH = YES;
				ONLY_ACTIVE_ARCH = YES;
				SDKROOT = iphoneos;
				SWIFT_ACTIVE_COMPILATION_CONDITIONS = DEBUG;
				SWIFT_OPTIMIZATION_LEVEL = "-Onone";
			};
			name = Debug;
		};
		CF07CF3325F8929C003D51E8 /* Release */ = {
			isa = XCBuildConfiguration;
			buildSettings = {
				ALWAYS_SEARCH_USER_PATHS = NO;
				CLANG_ANALYZER_NONNULL = YES;
				CLANG_ANALYZER_NUMBER_OBJECT_CONVERSION = YES_AGGRESSIVE;
				CLANG_CXX_LANGUAGE_STANDARD = "gnu++14";
				CLANG_CXX_LIBRARY = "libc++";
				CLANG_ENABLE_MODULES = YES;
				CLANG_ENABLE_OBJC_ARC = YES;
				CLANG_ENABLE_OBJC_WEAK = YES;
				CLANG_WARN_BLOCK_CAPTURE_AUTORELEASING = YES;
				CLANG_WARN_BOOL_CONVERSION = YES;
				CLANG_WARN_COMMA = YES;
				CLANG_WARN_CONSTANT_CONVERSION = YES;
				CLANG_WARN_DEPRECATED_OBJC_IMPLEMENTATIONS = YES;
				CLANG_WARN_DIRECT_OBJC_ISA_USAGE = YES_ERROR;
				CLANG_WARN_DOCUMENTATION_COMMENTS = YES;
				CLANG_WARN_EMPTY_BODY = YES;
				CLANG_WARN_ENUM_CONVERSION = YES;
				CLANG_WARN_INFINITE_RECURSION = YES;
				CLANG_WARN_INT_CONVERSION = YES;
				CLANG_WARN_NON_LITERAL_NULL_CONVERSION = YES;
				CLANG_WARN_OBJC_IMPLICIT_RETAIN_SELF = YES;
				CLANG_WARN_OBJC_LITERAL_CONVERSION = YES;
				CLANG_WARN_OBJC_ROOT_CLASS = YES_ERROR;
				CLANG_WARN_QUOTED_INCLUDE_IN_FRAMEWORK_HEADER = YES;
				CLANG_WARN_RANGE_LOOP_ANALYSIS = YES;
				CLANG_WARN_STRICT_PROTOTYPES = YES;
				CLANG_WARN_SUSPICIOUS_MOVE = YES;
				CLANG_WARN_UNGUARDED_AVAILABILITY = YES_AGGRESSIVE;
				CLANG_WARN_UNREACHABLE_CODE = YES;
				CLANG_WARN__DUPLICATE_METHOD_MATCH = YES;
				COPY_PHASE_STRIP = NO;
				DEBUG_INFORMATION_FORMAT = "dwarf-with-dsym";
				ENABLE_NS_ASSERTIONS = NO;
				ENABLE_STRICT_OBJC_MSGSEND = YES;
				GCC_C_LANGUAGE_STANDARD = gnu11;
				GCC_NO_COMMON_BLOCKS = YES;
				GCC_WARN_64_TO_32_BIT_CONVERSION = YES;
				GCC_WARN_ABOUT_RETURN_TYPE = YES_ERROR;
				GCC_WARN_UNDECLARED_SELECTOR = YES;
				GCC_WARN_UNINITIALIZED_AUTOS = YES_AGGRESSIVE;
				GCC_WARN_UNUSED_FUNCTION = YES;
				GCC_WARN_UNUSED_VARIABLE = YES;
				IPHONEOS_DEPLOYMENT_TARGET = 14.4;
				MTL_ENABLE_DEBUG_INFO = NO;
				MTL_FAST_MATH = YES;
				SDKROOT = iphoneos;
				SWIFT_COMPILATION_MODE = wholemodule;
				SWIFT_OPTIMIZATION_LEVEL = "-O";
				VALIDATE_PRODUCT = YES;
			};
			name = Release;
		};
		CF07CF3525F8929C003D51E8 /* Debug */ = {
			isa = XCBuildConfiguration;
			buildSettings = {
				ASSETCATALOG_COMPILER_APPICON_NAME = AppIcon;
				ASSETCATALOG_COMPILER_GLOBAL_ACCENT_COLOR_NAME = AccentColor;
				CODE_SIGN_STYLE = Automatic;
				INFOPLIST_FILE = parstagram/Info.plist;
				LD_RUNPATH_SEARCH_PATHS = (
					"$(inherited)",
					"@executable_path/Frameworks",
				);
				PRODUCT_BUNDLE_IDENTIFIER = chizy.parstagram;
				PRODUCT_NAME = "$(TARGET_NAME)";
				SWIFT_VERSION = 5.0;
				TARGETED_DEVICE_FAMILY = "1,2";
			};
			name = Debug;
		};
		CF07CF3625F8929C003D51E8 /* Release */ = {
			isa = XCBuildConfiguration;
			buildSettings = {
				ASSETCATALOG_COMPILER_APPICON_NAME = AppIcon;
				ASSETCATALOG_COMPILER_GLOBAL_ACCENT_COLOR_NAME = AccentColor;
				CODE_SIGN_STYLE = Automatic;
				INFOPLIST_FILE = parstagram/Info.plist;
				LD_RUNPATH_SEARCH_PATHS = (
					"$(inherited)",
					"@executable_path/Frameworks",
				);
				PRODUCT_BUNDLE_IDENTIFIER = chizy.parstagram;
				PRODUCT_NAME = "$(TARGET_NAME)";
				SWIFT_VERSION = 5.0;
				TARGETED_DEVICE_FAMILY = "1,2";
			};
			name = Release;
		};
		CF07CF3825F8929C003D51E8 /* Debug */ = {
			isa = XCBuildConfiguration;
			buildSettings = {
				ALWAYS_EMBED_SWIFT_STANDARD_LIBRARIES = YES;
				BUNDLE_LOADER = "$(TEST_HOST)";
				CODE_SIGN_STYLE = Automatic;
				INFOPLIST_FILE = parstagramTests/Info.plist;
				IPHONEOS_DEPLOYMENT_TARGET = 14.4;
				LD_RUNPATH_SEARCH_PATHS = (
					"$(inherited)",
					"@executable_path/Frameworks",
					"@loader_path/Frameworks",
				);
				PRODUCT_BUNDLE_IDENTIFIER = chizy.parstagramTests;
				PRODUCT_NAME = "$(TARGET_NAME)";
				SWIFT_VERSION = 5.0;
				TARGETED_DEVICE_FAMILY = "1,2";
				TEST_HOST = "$(BUILT_PRODUCTS_DIR)/parstagram.app/parstagram";
			};
			name = Debug;
		};
		CF07CF3925F8929C003D51E8 /* Release */ = {
			isa = XCBuildConfiguration;
			buildSettings = {
				ALWAYS_EMBED_SWIFT_STANDARD_LIBRARIES = YES;
				BUNDLE_LOADER = "$(TEST_HOST)";
				CODE_SIGN_STYLE = Automatic;
				INFOPLIST_FILE = parstagramTests/Info.plist;
				IPHONEOS_DEPLOYMENT_TARGET = 14.4;
				LD_RUNPATH_SEARCH_PATHS = (
					"$(inherited)",
					"@executable_path/Frameworks",
					"@loader_path/Frameworks",
				);
				PRODUCT_BUNDLE_IDENTIFIER = chizy.parstagramTests;
				PRODUCT_NAME = "$(TARGET_NAME)";
				SWIFT_VERSION = 5.0;
				TARGETED_DEVICE_FAMILY = "1,2";
				TEST_HOST = "$(BUILT_PRODUCTS_DIR)/parstagram.app/parstagram";
			};
			name = Release;
		};
		CF07CF3B25F8929C003D51E8 /* Debug */ = {
			isa = XCBuildConfiguration;
			buildSettings = {
				ALWAYS_EMBED_SWIFT_STANDARD_LIBRARIES = YES;
				CODE_SIGN_STYLE = Automatic;
				INFOPLIST_FILE = parstagramUITests/Info.plist;
				LD_RUNPATH_SEARCH_PATHS = (
					"$(inherited)",
					"@executable_path/Frameworks",
					"@loader_path/Frameworks",
				);
				PRODUCT_BUNDLE_IDENTIFIER = chizy.parstagramUITests;
				PRODUCT_NAME = "$(TARGET_NAME)";
				SWIFT_VERSION = 5.0;
				TARGETED_DEVICE_FAMILY = "1,2";
				TEST_TARGET_NAME = parstagram;
			};
			name = Debug;
		};
		CF07CF3C25F8929C003D51E8 /* Release */ = {
			isa = XCBuildConfiguration;
			buildSettings = {
				ALWAYS_EMBED_SWIFT_STANDARD_LIBRARIES = YES;
				CODE_SIGN_STYLE = Automatic;
				INFOPLIST_FILE = parstagramUITests/Info.plist;
				LD_RUNPATH_SEARCH_PATHS = (
					"$(inherited)",
					"@executable_path/Frameworks",
					"@loader_path/Frameworks",
				);
				PRODUCT_BUNDLE_IDENTIFIER = chizy.parstagramUITests;
				PRODUCT_NAME = "$(TARGET_NAME)";
				SWIFT_VERSION = 5.0;
				TARGETED_DEVICE_FAMILY = "1,2";
				TEST_TARGET_NAME = parstagram;
			};
			name = Release;
		};
/* End XCBuildConfiguration section */

/* Begin XCConfigurationList section */
		CF07CF0525F8929A003D51E8 /* Build configuration list for PBXProject "parstagram" */ = {
			isa = XCConfigurationList;
			buildConfigurations = (
				CF07CF3225F8929C003D51E8 /* Debug */,
				CF07CF3325F8929C003D51E8 /* Release */,
			);
			defaultConfigurationIsVisible = 0;
			defaultConfigurationName = Release;
		};
		CF07CF3425F8929C003D51E8 /* Build configuration list for PBXNativeTarget "parstagram" */ = {
			isa = XCConfigurationList;
			buildConfigurations = (
				CF07CF3525F8929C003D51E8 /* Debug */,
				CF07CF3625F8929C003D51E8 /* Release */,
			);
			defaultConfigurationIsVisible = 0;
			defaultConfigurationName = Release;
		};
		CF07CF3725F8929C003D51E8 /* Build configuration list for PBXNativeTarget "parstagramTests" */ = {
			isa = XCConfigurationList;
			buildConfigurations = (
				CF07CF3825F8929C003D51E8 /* Debug */,
				CF07CF3925F8929C003D51E8 /* Release */,
			);
			defaultConfigurationIsVisible = 0;
			defaultConfigurationName = Release;
		};
		CF07CF3A25F8929C003D51E8 /* Build configuration list for PBXNativeTarget "parstagramUITests" */ = {
			isa = XCConfigurationList;
			buildConfigurations = (
				CF07CF3B25F8929C003D51E8 /* Debug */,
				CF07CF3C25F8929C003D51E8 /* Release */,
			);
			defaultConfigurationIsVisible = 0;
			defaultConfigurationName = Release;
		};
/* End XCConfigurationList section */
	};
	rootObject = CF07CF0225F8929A003D51E8 /* Project object */;
}
